
Microsoft Visual Studio Solution File, Format Version 12.00
# Visual Studio Version 16
VisualStudioVersion = 16.0.31321.278
MinimumVisualStudioVersion = 10.0.40219.1
Project("{FAE04EC0-301F-11D3-BF4B-00C04F79EFBC}") = "DemoWebApi", "DemoWebApi.csproj", "{16168ABD-BDA1-4777-ABA8-5610F00E06AE}"
EndProject
Global
	GlobalSection(SolutionConfigurationPlatforms) = preSolution
		Debug|Any CPU = Debug|Any CPU
		Release|Any CPU = Release|Any CPU
	EndGlobalSection
	GlobalSection(ProjectConfigurationPlatforms) = postSolution
		{16168ABD-BDA1-4777-ABA8-5610F00E06AE}.Debug|Any CPU.ActiveCfg = Debug|Any CPU
		{16168ABD-BDA1-4777-ABA8-5610F00E06AE}.Debug|Any CPU.Build.0 = Debug|Any CPU
		{16168ABD-BDA1-4777-ABA8-5610F00E06AE}.Release|Any CPU.ActiveCfg = Release|Any CPU
		{16168ABD-BDA1-4777-ABA8-5610F00E06AE}.Release|Any CPU.Build.0 = Release|Any CPU
	EndGlobalSection
	GlobalSection(SolutionProperties) = preSolution
		HideSolutionNode = FALSE
	EndGlobalSection
	GlobalSection(ExtensibilityGlobals) = postSolution
		SolutionGuid = {33C42A17-004B-4BF0-AE7C-D423B0BD17D4}
	EndGlobalSection
EndGlobal
